lockfileVersion: '9.0'

settings:
  autoInstallPeers: true
  excludeLinksFromLockfile: false

importers:

  .:
    dependencies:
      rescript:
        specifier: https://pkg.pr.new/rescript-lang/rescript@master
        version: https://pkg.pr.new/rescript-lang/rescript@master

packages:

  '@rescript/darwin-arm64@https://pkg.pr.new/rescript-lang/rescript/@rescript/darwin-arm64@dee046535f2e872cd24cc3aac2c7e3073e731c4f':
    resolution: {tarball: https://pkg.pr.new/rescript-lang/rescript/@rescript/darwin-arm64@dee046535f2e872cd24cc3aac2c7e3073e731c4f}
    version: 12.0.0-beta.11
    engines: {node: '>=20.11.0'}
    cpu: [arm64]
    os: [darwin]

  '@rescript/darwin-x64@https://pkg.pr.new/rescript-lang/rescript/@rescript/darwin-x64@dee046535f2e872cd24cc3aac2c7e3073e731c4f':
    resolution: {tarball: https://pkg.pr.new/rescript-lang/rescript/@rescript/darwin-x64@dee046535f2e872cd24cc3aac2c7e3073e731c4f}
    version: 12.0.0-beta.11
    engines: {node: '>=20.11.0'}
    cpu: [x64]
    os: [darwin]

  '@rescript/linux-arm64@https://pkg.pr.new/rescript-lang/rescript/@rescript/linux-arm64@dee046535f2e872cd24cc3aac2c7e3073e731c4f':
    resolution: {tarball: https://pkg.pr.new/rescript-lang/rescript/@rescript/linux-arm64@dee046535f2e872cd24cc3aac2c7e3073e731c4f}
    version: 12.0.0-beta.11
    engines: {node: '>=20.11.0'}
    cpu: [arm64]
    os: [linux]

  '@rescript/linux-x64@https://pkg.pr.new/rescript-lang/rescript/@rescript/linux-x64@dee046535f2e872cd24cc3aac2c7e3073e731c4f':
    resolution: {tarball: https://pkg.pr.new/rescript-lang/rescript/@rescript/linux-x64@dee046535f2e872cd24cc3aac2c7e3073e731c4f}
    version: 12.0.0-beta.11
    engines: {node: '>=20.11.0'}
    cpu: [x64]
    os: [linux]

  '@rescript/runtime@https://pkg.pr.new/rescript-lang/rescript/@rescript/runtime@dee046535f2e872cd24cc3aac2c7e3073e731c4f':
    resolution: {tarball: https://pkg.pr.new/rescript-lang/rescript/@rescript/runtime@dee046535f2e872cd24cc3aac2c7e3073e731c4f}
    version: 12.0.0-beta.11

  '@rescript/win32-x64@https://pkg.pr.new/rescript-lang/rescript/@rescript/win32-x64@dee046535f2e872cd24cc3aac2c7e3073e731c4f':
    resolution: {tarball: https://pkg.pr.new/rescript-lang/rescript/@rescript/win32-x64@dee046535f2e872cd24cc3aac2c7e3073e731c4f}
    version: 12.0.0-beta.11
    engines: {node: '>=20.11.0'}
    cpu: [x64]
    os: [win32]

  rescript@https://pkg.pr.new/rescript-lang/rescript@master:
    resolution: {tarball: https://pkg.pr.new/rescript-lang/rescript@master}
    version: 12.0.0-beta.11
    engines: {node: '>=20.11.0'}
    hasBin: true

snapshots:

  '@rescript/darwin-arm64@https://pkg.pr.new/rescript-lang/rescript/@rescript/darwin-arm64@dee046535f2e872cd24cc3aac2c7e3073e731c4f':
    optional: true

  '@rescript/darwin-x64@https://pkg.pr.new/rescript-lang/rescript/@rescript/darwin-x64@dee046535f2e872cd24cc3aac2c7e3073e731c4f':
    optional: true

  '@rescript/linux-arm64@https://pkg.pr.new/rescript-lang/rescript/@rescript/linux-arm64@dee046535f2e872cd24cc3aac2c7e3073e731c4f':
    optional: true

  '@rescript/linux-x64@https://pkg.pr.new/rescript-lang/rescript/@rescript/linux-x64@dee046535f2e872cd24cc3aac2c7e3073e731c4f':
    optional: true

  '@rescript/runtime@https://pkg.pr.new/rescript-lang/rescript/@rescript/runtime@dee046535f2e872cd24cc3aac2c7e3073e731c4f': {}

  '@rescript/win32-x64@https://pkg.pr.new/rescript-lang/rescript/@rescript/win32-x64@dee046535f2e872cd24cc3aac2c7e3073e731c4f':
    optional: true

  rescript@https://pkg.pr.new/rescript-lang/rescript@master:
    dependencies:
      '@rescript/runtime': https://pkg.pr.new/rescript-lang/rescript/@rescript/runtime@dee046535f2e872cd24cc3aac2c7e3073e731c4f
    optionalDependencies:
      '@rescript/darwin-arm64': https://pkg.pr.new/rescript-lang/rescript/@rescript/darwin-arm64@dee046535f2e872cd24cc3aac2c7e3073e731c4f
      '@rescript/darwin-x64': https://pkg.pr.new/rescript-lang/rescript/@rescript/darwin-x64@dee046535f2e872cd24cc3aac2c7e3073e731c4f
      '@rescript/linux-arm64': https://pkg.pr.new/rescript-lang/rescript/@rescript/linux-arm64@dee046535f2e872cd24cc3aac2c7e3073e731c4f
      '@rescript/linux-x64': https://pkg.pr.new/rescript-lang/rescript/@rescript/linux-x64@dee046535f2e872cd24cc3aac2c7e3073e731c4f
      '@rescript/win32-x64': https://pkg.pr.new/rescript-lang/rescript/@rescript/win32-x64@dee046535f2e872cd24cc3aac2c7e3073e731c4f
