lockfileVersion: '9.0'

settings:
  autoInstallPeers: true
  excludeLinksFromLockfile: false

importers:

  .:
    dependencies:
      rescript:
        specifier: 12.0.0-beta.11
        version: 12.0.0-beta.11

packages:

  '@rescript/darwin-arm64@12.0.0-beta.11':
    resolution: {integrity: sha512-O0n5c1jUQScSB3Glzgv7Tb+ZpwkqoCg+aBlmvRmx1yoAKEAUoSM86DKjFCggDOgGQhl4WMcEDd/x36FGEs/tLQ==}
    engines: {node: '>=20.11.0'}
    cpu: [arm64]
    os: [darwin]

  '@rescript/darwin-x64@12.0.0-beta.11':
    resolution: {integrity: sha512-1V+uKSl5R5ZJLjNkTZk13042wGf/lKVb82jszyYomti+QGY3BDyEKFu6dfjSZlpoehGIVaYv1wiNDOc//GrNiw==}
    engines: {node: '>=20.11.0'}
    cpu: [x64]
    os: [darwin]

  '@rescript/linux-arm64@12.0.0-beta.11':
    resolution: {integrity: sha512-nH472aeEmhq2W9rBYJznwCnMsbiW8+h7JA+NIvRugBapU3QQfaZ2moAh+iWji6IcfayhDaUDRLPCccusRug1nA==}
    engines: {node: '>=20.11.0'}
    cpu: [arm64]
    os: [linux]

  '@rescript/linux-x64@12.0.0-beta.11':
    resolution: {integrity: sha512-G6GrLLqrm79AEj7zTbtsodeT+HQmS4awMiwzCsAT+Q3qNOFHdJFGZwzNtU5N6qGn/lBQeLidSQn0uqlG9iH4Ug==}
    engines: {node: '>=20.11.0'}
    cpu: [x64]
    os: [linux]

  '@rescript/runtime@12.0.0-beta.11':
    resolution: {integrity: sha512-oOVu3IPvkHsL+bCBpQnWRoIg/n0h91mWwDXQ9q5eyBsNr4uqeWt+KcAxhyfYy54Gh07dSJh5FkPz6f/Fbpk3Kg==}

  '@rescript/win32-x64@12.0.0-beta.11':
    resolution: {integrity: sha512-H7kjiEv9FHTN0FtXa17f0DdeQreKcQEFoggWsLzvk6pKNqkz+dcg/yNgZEHwRUQIjuIE3fQ+du8390vkGxeEWw==}
    engines: {node: '>=20.11.0'}
    cpu: [x64]
    os: [win32]

  rescript@12.0.0-beta.11:
    resolution: {integrity: sha512-oH1LB44+V4vu0YCy8YlK3Y4kuWJx9JvdJ1mTd00Rj340RawfAHDTmfPfvbheecgz7UdGLEj13IID9auJ3KHfVA==}
    engines: {node: '>=20.11.0'}
    hasBin: true

snapshots:

  '@rescript/darwin-arm64@12.0.0-beta.11':
    optional: true

  '@rescript/darwin-x64@12.0.0-beta.11':
    optional: true

  '@rescript/linux-arm64@12.0.0-beta.11':
    optional: true

  '@rescript/linux-x64@12.0.0-beta.11':
    optional: true

  '@rescript/runtime@12.0.0-beta.11': {}

  '@rescript/win32-x64@12.0.0-beta.11':
    optional: true

  rescript@12.0.0-beta.11:
    dependencies:
      '@rescript/runtime': 12.0.0-beta.11
    optionalDependencies:
      '@rescript/darwin-arm64': 12.0.0-beta.11
      '@rescript/darwin-x64': 12.0.0-beta.11
      '@rescript/linux-arm64': 12.0.0-beta.11
      '@rescript/linux-x64': 12.0.0-beta.11
      '@rescript/win32-x64': 12.0.0-beta.11
